
Microsoft Visual Studio Solution File, Format Version 12.00
# Visual Studio Version 17
VisualStudioVersion = 17.8.34316.72
MinimumVisualStudioVersion = 10.0.40219.1
Project("{9A19103F-16F7-4668-BE54-9A1E7A4F7556}") = "EmbreeInfo", "EmbreeInfo.csproj", "{D7613785-243E-41F2-8552-D0B880CCB064}"
EndProject
Project("{FAE04EC0-301F-11D3-BF4B-00C04F79EFBC}") = "EmbreeSharp", "..\..\EmbreeSharp\EmbreeSharp.csproj", "{A5BB253A-3DFE-40B2-B1C8-F1DFB9A891E3}"
EndProject
Global
	GlobalSection(SolutionConfigurationPlatforms) = preSolution
		Debug|Any CPU = Debug|Any CPU
		Release|Any CPU = Release|Any CPU
	EndGlobalSection
	GlobalSection(ProjectConfigurationPlatforms) = postSolution
		{D7613785-243E-41F2-8552-D0B880CCB064}.Debug|Any CPU.ActiveCfg = Debug|Any CPU
		{D7613785-243E-41F2-8552-D0B880CCB064}.Debug|Any CPU.Build.0 = Debug|Any CPU
		{D7613785-243E-41F2-8552-D0B880CCB064}.Release|Any CPU.ActiveCfg = Release|Any CPU
		{D7613785-243E-41F2-8552-D0B880CCB064}.Release|Any CPU.Build.0 = Release|Any CPU
		{A5BB253A-3DFE-40B2-B1C8-F1DFB9A891E3}.Debug|Any CPU.ActiveCfg = Debug|Any CPU
		{A5BB253A-3DFE-40B2-B1C8-F1DFB9A891E3}.Debug|Any CPU.Build.0 = Debug|Any CPU
		{A5BB253A-3DFE-40B2-B1C8-F1DFB9A891E3}.Release|Any CPU.ActiveCfg = Release|Any CPU
		{A5BB253A-3DFE-40B2-B1C8-F1DFB9A891E3}.Release|Any CPU.Build.0 = Release|Any CPU
	EndGlobalSection
	GlobalSection(SolutionProperties) = preSolution
		HideSolutionNode = FALSE
	EndGlobalSection
	GlobalSection(ExtensibilityGlobals) = postSolution
		SolutionGuid = {40A9CA43-6D7B-4F22-8E94-2A693664E3AD}
	EndGlobalSection
EndGlobal
